{
  "pins" : [
    {
      "identity" : "runtime",
      "kind" : "remoteSourceControl",
      "location" : "https://github.com/wickwirew/Runtime.git",
      "state" : {
        "branch" : "master",
        "revision" : "dad03135d7701a4e7b3a4051e75d6b37bd8e178e"
      }
    },
    {
      "identity" : "yamlswift",
      "kind" : "remoteSourceControl",
      "location" : "https://github.com/zeionara/YamlSwift.git",
      "state" : {
        "branch" : "master",
        "revision" : "c7e5a179ebf485e145719f4468c28e095b923859"
      }
    },
    {
      "identity" : "yams",
      "kind" : "remoteSourceControl",
      "location" : "https://github.com/zeionara/Yams.git",
      "state" : {
        "branch" : "main",
        "revision" : "c73e2499d6b7d0b23cf89a977defa645e3b29638"
      }
    }
  ],
  "version" : 2
}
